
Microsoft Visual Studio Solution File, Format Version 12.00
# Visual Studio Version 17
VisualStudioVersion = 17.7.34031.279
MinimumVisualStudioVersion = 10.0.40219.1
Project("{FAE04EC0-301F-11D3-BF4B-00C04F79EFBC}") = "main", "main\main.csproj", "{632BF5CE-C292-4803-AE0A-5C3F854634CC}"
EndProject
Global
	GlobalSection(SolutionConfigurationPlatforms) = preSolution
		Debug|Any CPU = Debug|Any CPU
		Release|Any CPU = Release|Any CPU
	EndGlobalSection
	GlobalSection(ProjectConfigurationPlatforms) = postSolution
		{632BF5CE-C292-4803-AE0A-5C3F854634CC}.Debug|Any CPU.ActiveCfg = Debug|Any CPU
		{632BF5CE-C292-4803-AE0A-5C3F854634CC}.Debug|Any CPU.Build.0 = Debug|Any CPU
		{632BF5CE-C292-4803-AE0A-5C3F854634CC}.Release|Any CPU.ActiveCfg = Release|Any CPU
		{632BF5CE-C292-4803-AE0A-5C3F854634CC}.Release|Any CPU.Build.0 = Release|Any CPU
	EndGlobalSection
	GlobalSection(SolutionProperties) = preSolution
		HideSolutionNode = FALSE
	EndGlobalSection
	GlobalSection(ExtensibilityGlobals) = postSolution
		SolutionGuid = {C60D6FBA-63F9-4062-93A3-553B6C4FA0A6}
	EndGlobalSection
EndGlobal
