
Microsoft Visual Studio Solution File, Format Version 12.00
# Visual Studio Version 17
VisualStudioVersion = 17.7.34031.279
MinimumVisualStudioVersion = 10.0.40219.1
Project("{FAE04EC0-301F-11D3-BF4B-00C04F79EFBC}") = "CD01", "CD01\CD01.csproj", "{241F2CF0-E806-4FC4-9065-CB634CBB874A}"
EndProject
Global
	GlobalSection(SolutionConfigurationPlatforms) = preSolution
		Debug|Any CPU = Debug|Any CPU
		Release|Any CPU = Release|Any CPU
	EndGlobalSection
	GlobalSection(ProjectConfigurationPlatforms) = postSolution
		{241F2CF0-E806-4FC4-9065-CB634CBB874A}.Debug|Any CPU.ActiveCfg = Debug|Any CPU
		{241F2CF0-E806-4FC4-9065-CB634CBB874A}.Debug|Any CPU.Build.0 = Debug|Any CPU
		{241F2CF0-E806-4FC4-9065-CB634CBB874A}.Release|Any CPU.ActiveCfg = Release|Any CPU
		{241F2CF0-E806-4FC4-9065-CB634CBB874A}.Release|Any CPU.Build.0 = Release|Any CPU
	EndGlobalSection
	GlobalSection(SolutionProperties) = preSolution
		HideSolutionNode = FALSE
	EndGlobalSection
	GlobalSection(ExtensibilityGlobals) = postSolution
		SolutionGuid = {A2EFD628-4A58-4227-B92F-12E8130F7E62}
	EndGlobalSection
EndGlobal
