
Microsoft Visual Studio Solution File, Format Version 12.00
# Visual Studio Version 17
VisualStudioVersion = 17.6.33829.357
MinimumVisualStudioVersion = 10.0.40219.1
Project("{FAE04EC0-301F-11D3-BF4B-00C04F79EFBC}") = "FirstCondo", "FirstCondo\FirstCondo.csproj", "{84A03646-DC56-4431-9E4B-11378C03ED15}"
EndProject
Global
	GlobalSection(SolutionConfigurationPlatforms) = preSolution
		Debug|Any CPU = Debug|Any CPU
		Release|Any CPU = Release|Any CPU
	EndGlobalSection
	GlobalSection(ProjectConfigurationPlatforms) = postSolution
		{84A03646-DC56-4431-9E4B-11378C03ED15}.Debug|Any CPU.ActiveCfg = Debug|Any CPU
		{84A03646-DC56-4431-9E4B-11378C03ED15}.Debug|Any CPU.Build.0 = Debug|Any CPU
		{84A03646-DC56-4431-9E4B-11378C03ED15}.Release|Any CPU.ActiveCfg = Release|Any CPU
		{84A03646-DC56-4431-9E4B-11378C03ED15}.Release|Any CPU.Build.0 = Release|Any CPU
	EndGlobalSection
	GlobalSection(SolutionProperties) = preSolution
		HideSolutionNode = FALSE
	EndGlobalSection
	GlobalSection(ExtensibilityGlobals) = postSolution
		SolutionGuid = {172C2AEE-4864-42B8-9574-C99CC514514E}
	EndGlobalSection
EndGlobal
