
Microsoft Visual Studio Solution File, Format Version 12.00
# Visual Studio Version 17
VisualStudioVersion = 17.7.34031.279
MinimumVisualStudioVersion = 10.0.40219.1
Project("{FAE04EC0-301F-11D3-BF4B-00C04F79EFBC}") = "CD02", "CD02.csproj", "{873BB4E4-7183-4097-9143-C2043B25A890}"
EndProject
Global
	GlobalSection(SolutionConfigurationPlatforms) = preSolution
		Debug|Any CPU = Debug|Any CPU
		Release|Any CPU = Release|Any CPU
	EndGlobalSection
	GlobalSection(ProjectConfigurationPlatforms) = postSolution
		{873BB4E4-7183-4097-9143-C2043B25A890}.Debug|Any CPU.ActiveCfg = Debug|Any CPU
		{873BB4E4-7183-4097-9143-C2043B25A890}.Debug|Any CPU.Build.0 = Debug|Any CPU
		{873BB4E4-7183-4097-9143-C2043B25A890}.Release|Any CPU.ActiveCfg = Release|Any CPU
		{873BB4E4-7183-4097-9143-C2043B25A890}.Release|Any CPU.Build.0 = Release|Any CPU
	EndGlobalSection
	GlobalSection(SolutionProperties) = preSolution
		HideSolutionNode = FALSE
	EndGlobalSection
	GlobalSection(ExtensibilityGlobals) = postSolution
		SolutionGuid = {6353BEF8-C8C6-471C-88E8-215ED8EE2BC7}
	EndGlobalSection
EndGlobal
